
Microsoft Visual Studio Solution File, Format Version 12.00
# Visual Studio 2013
VisualStudioVersion = 12.0.21005.1
MinimumVisualStudioVersion = 10.0.40219.1
Project("{FAE04EC0-301F-11D3-BF4B-00C04F79EFBC}") = "CurlSharp", "CurlSharp\CurlSharp.csproj", "{BB549A64-BB2C-4B09-A15B-0BD2CEC95C9C}"
EndProject
Project("{8BC9CEB8-8B4A-11D0-8D11-00A0C91BC942}") = "libcurlshim", "libcurlshim\libcurlshim.vcxproj", "{F6956C7F-0C1D-4B19-99DE-FB9472859E14}"
EndProject
Project("{2150E333-8FDC-42A3-9474-1A3956D46DE8}") = "Samples", "Samples", "{1D9C4DDD-E840-4F6E-9310-54D21BC13F31}"
EndProject
Project("{FAE04EC0-301F-11D3-BF4B-00C04F79EFBC}") = "BookPost", "Samples\BookPost\BookPost.csproj", "{E039CC78-1B3F-4806-8105-0A6DBB21A33E}"
EndProject
Project("{FAE04EC0-301F-11D3-BF4B-00C04F79EFBC}") = "EasyGet", "Samples\EasyGet\EasyGet.csproj", "{542D665B-A5CD-4561-B34A-3F4F698D7584}"
EndProject
Project("{FAE04EC0-301F-11D3-BF4B-00C04F79EFBC}") = "FileUpload", "Samples\FileUpload\FileUpload.csproj", "{A81CA01F-965F-4B4D-BBE2-15711219846B}"
EndProject
Project("{FAE04EC0-301F-11D3-BF4B-00C04F79EFBC}") = "Headers", "Samples\Headers\Headers.csproj", "{CF9116D7-E551-4B4B-9EC5-6424B7261C06}"
EndProject
Project("{FAE04EC0-301F-11D3-BF4B-00C04F79EFBC}") = "InfoDemo", "Samples\InfoDemo\InfoDemo.csproj", "{5CCF2870-6A40-4D9B-A601-00A817CA235D}"
EndProject
Project("{FAE04EC0-301F-11D3-BF4B-00C04F79EFBC}") = "MultiDemo", "Samples\MultiDemo\MultiDemo.csproj", "{7EF96735-2F21-4FE4-9CFD-08754993931B}"
EndProject
Project("{FAE04EC0-301F-11D3-BF4B-00C04F79EFBC}") = "ShareDemo", "Samples\ShareDemo\ShareDemo.csproj", "{A8DF566B-A3F2-4812-833F-B22A86D45D3E}"
EndProject
Project("{FAE04EC0-301F-11D3-BF4B-00C04F79EFBC}") = "SSLGet", "Samples\SSLGet\SSLGet.csproj", "{3854C8C4-69BC-48DE-B5A0-158C59E38041}"
EndProject
Project("{FAE04EC0-301F-11D3-BF4B-00C04F79EFBC}") = "Upload", "Samples\Upload\Upload.csproj", "{A824B264-B163-45B5-901E-55A480B72A3F}"
EndProject
Project("{FAE04EC0-301F-11D3-BF4B-00C04F79EFBC}") = "VersionData", "Samples\VersionData\VersionData.csproj", "{94F2FE39-A50E-4623-BEC3-4F060376012A}"
EndProject
Project("{FAE04EC0-301F-11D3-BF4B-00C04F79EFBC}") = "WinSamples", "Samples\WinSamples\WinSamples.csproj", "{801CC278-82B2-4CEE-84FC-B10B1497A957}"
EndProject
Project("{8BC9CEB8-8B4A-11D0-8D11-00A0C91BC942}") = "libcurlshim64", "libcurlshim\libcurlshim64.vcxproj", "{1ECB7656-AE8B-4351-AF10-746EB326B24F}"
EndProject
Global
	GlobalSection(SolutionConfigurationPlatforms) = preSolution
		Debug|Any CPU = Debug|Any CPU
		Debug|Itanium = Debug|Itanium
		Debug|Mixed Platforms = Debug|Mixed Platforms
		Debug|Win32 = Debug|Win32
		Debug|x64 = Debug|x64
		Debug|x86 = Debug|x86
		Release|Any CPU = Release|Any CPU
		Release|Itanium = Release|Itanium
		Release|Mixed Platforms = Release|Mixed Platforms
		Release|Win32 = Release|Win32
		Release|x64 = Release|x64
		Release|x86 = Release|x86
		ReleaseWithoutAsm|Any CPU = ReleaseWithoutAsm|Any CPU
		ReleaseWithoutAsm|Itanium = ReleaseWithoutAsm|Itanium
		ReleaseWithoutAsm|Mixed Platforms = ReleaseWithoutAsm|Mixed Platforms
		ReleaseWithoutAsm|Win32 = ReleaseWithoutAsm|Win32
		ReleaseWithoutAsm|x64 = ReleaseWithoutAsm|x64
		ReleaseWithoutAsm|x86 = ReleaseWithoutAsm|x86
	EndGlobalSection
	GlobalSection(ProjectConfigurationPlatforms) = postSolution
		{BB549A64-BB2C-4B09-A15B-0BD2CEC95C9C}.Debug|Any CPU.ActiveCfg = Debug|Any CPU
		{BB549A64-BB2C-4B09-A15B-0BD2CEC95C9C}.Debug|Any CPU.Build.0 = Debug|Any CPU
		{BB549A64-BB2C-4B09-A15B-0BD2CEC95C9C}.Debug|Itanium.ActiveCfg = Debug|Any CPU
		{BB549A64-BB2C-4B09-A15B-0BD2CEC95C9C}.Debug|Mixed Platforms.ActiveCfg = Debug|Any CPU
		{BB549A64-BB2C-4B09-A15B-0BD2CEC95C9C}.Debug|Win32.ActiveCfg = Debug|Any CPU
		{BB549A64-BB2C-4B09-A15B-0BD2CEC95C9C}.Debug|x64.ActiveCfg = Debug|Any CPU
		{BB549A64-BB2C-4B09-A15B-0BD2CEC95C9C}.Debug|x86.ActiveCfg = Debug|Any CPU
		{BB549A64-BB2C-4B09-A15B-0BD2CEC95C9C}.Release|Any CPU.ActiveCfg = Release|Any CPU
		{BB549A64-BB2C-4B09-A15B-0BD2CEC95C9C}.Release|Any CPU.Build.0 = Release|Any CPU
		{BB549A64-BB2C-4B09-A15B-0BD2CEC95C9C}.Release|Itanium.ActiveCfg = Release|Any CPU
		{BB549A64-BB2C-4B09-A15B-0BD2CEC95C9C}.Release|Mixed Platforms.ActiveCfg = Release|Any CPU
		{BB549A64-BB2C-4B09-A15B-0BD2CEC95C9C}.Release|Win32.ActiveCfg = Release|Any CPU
		{BB549A64-BB2C-4B09-A15B-0BD2CEC95C9C}.Release|Win32.Build.0 = Release|Any CPU
		{BB549A64-BB2C-4B09-A15B-0BD2CEC95C9C}.Release|x64.ActiveCfg = Release|Any CPU
		{BB549A64-BB2C-4B09-A15B-0BD2CEC95C9C}.Release|x86.ActiveCfg = Release|Any CPU
		{BB549A64-BB2C-4B09-A15B-0BD2CEC95C9C}.ReleaseWithoutAsm|Any CPU.ActiveCfg = Release|Any CPU
		{BB549A64-BB2C-4B09-A15B-0BD2CEC95C9C}.ReleaseWithoutAsm|Itanium.ActiveCfg = Release|Any CPU
		{BB549A64-BB2C-4B09-A15B-0BD2CEC95C9C}.ReleaseWithoutAsm|Mixed Platforms.ActiveCfg = Release|Any CPU
		{BB549A64-BB2C-4B09-A15B-0BD2CEC95C9C}.ReleaseWithoutAsm|Win32.ActiveCfg = Release|Any CPU
		{BB549A64-BB2C-4B09-A15B-0BD2CEC95C9C}.ReleaseWithoutAsm|x64.ActiveCfg = Release|Any CPU
		{BB549A64-BB2C-4B09-A15B-0BD2CEC95C9C}.ReleaseWithoutAsm|x86.ActiveCfg = Release|Any CPU
		{F6956C7F-0C1D-4B19-99DE-FB9472859E14}.Debug|Any CPU.ActiveCfg = Debug|Win32
		{F6956C7F-0C1D-4B19-99DE-FB9472859E14}.Debug|Itanium.ActiveCfg = Debug|Win32
		{F6956C7F-0C1D-4B19-99DE-FB9472859E14}.Debug|Mixed Platforms.ActiveCfg = Debug|Win32
		{F6956C7F-0C1D-4B19-99DE-FB9472859E14}.Debug|Mixed Platforms.Build.0 = Debug|Win32
		{F6956C7F-0C1D-4B19-99DE-FB9472859E14}.Debug|Win32.ActiveCfg = Debug|Win32
		{F6956C7F-0C1D-4B19-99DE-FB9472859E14}.Debug|Win32.Build.0 = Debug|Win32
		{F6956C7F-0C1D-4B19-99DE-FB9472859E14}.Debug|x64.ActiveCfg = Debug|Win32
		{F6956C7F-0C1D-4B19-99DE-FB9472859E14}.Debug|x86.ActiveCfg = Debug|Win32
		{F6956C7F-0C1D-4B19-99DE-FB9472859E14}.Debug|x86.Build.0 = Debug|Win32
		{F6956C7F-0C1D-4B19-99DE-FB9472859E14}.Release|Any CPU.ActiveCfg = Release|Win32
		{F6956C7F-0C1D-4B19-99DE-FB9472859E14}.Release|Itanium.ActiveCfg = Release|Win32
		{F6956C7F-0C1D-4B19-99DE-FB9472859E14}.Release|Mixed Platforms.ActiveCfg = Release|Win32
		{F6956C7F-0C1D-4B19-99DE-FB9472859E14}.Release|Mixed Platforms.Build.0 = Release|Win32
		{F6956C7F-0C1D-4B19-99DE-FB9472859E14}.Release|Win32.ActiveCfg = Release|Win32
		{F6956C7F-0C1D-4B19-99DE-FB9472859E14}.Release|Win32.Build.0 = Release|Win32
		{F6956C7F-0C1D-4B19-99DE-FB9472859E14}.Release|x64.ActiveCfg = Release|Win32
		{F6956C7F-0C1D-4B19-99DE-FB9472859E14}.Release|x86.ActiveCfg = Release|Win32
		{F6956C7F-0C1D-4B19-99DE-FB9472859E14}.Release|x86.Build.0 = Release|Win32
		{F6956C7F-0C1D-4B19-99DE-FB9472859E14}.ReleaseWithoutAsm|Any CPU.ActiveCfg = Release|Win32
		{F6956C7F-0C1D-4B19-99DE-FB9472859E14}.ReleaseWithoutAsm|Itanium.ActiveCfg = Release|Win32
		{F6956C7F-0C1D-4B19-99DE-FB9472859E14}.ReleaseWithoutAsm|Mixed Platforms.ActiveCfg = Release|Win32
		{F6956C7F-0C1D-4B19-99DE-FB9472859E14}.ReleaseWithoutAsm|Win32.ActiveCfg = Release|Win32
		{F6956C7F-0C1D-4B19-99DE-FB9472859E14}.ReleaseWithoutAsm|x64.ActiveCfg = Release|Win32
		{F6956C7F-0C1D-4B19-99DE-FB9472859E14}.ReleaseWithoutAsm|x86.ActiveCfg = Release|Win32
		{E039CC78-1B3F-4806-8105-0A6DBB21A33E}.Debug|Any CPU.ActiveCfg = Debug|Any CPU
		{E039CC78-1B3F-4806-8105-0A6DBB21A33E}.Debug|Any CPU.Build.0 = Debug|Any CPU
		{E039CC78-1B3F-4806-8105-0A6DBB21A33E}.Debug|Itanium.ActiveCfg = Debug|Any CPU
		{E039CC78-1B3F-4806-8105-0A6DBB21A33E}.Debug|Mixed Platforms.ActiveCfg = Debug|Any CPU
		{E039CC78-1B3F-4806-8105-0A6DBB21A33E}.Debug|Mixed Platforms.Build.0 = Debug|Any CPU
		{E039CC78-1B3F-4806-8105-0A6DBB21A33E}.Debug|Win32.ActiveCfg = Debug|Any CPU
		{E039CC78-1B3F-4806-8105-0A6DBB21A33E}.Debug|x64.ActiveCfg = Debug|Any CPU
		{E039CC78-1B3F-4806-8105-0A6DBB21A33E}.Debug|x86.ActiveCfg = Debug|Any CPU
		{E039CC78-1B3F-4806-8105-0A6DBB21A33E}.Release|Any CPU.ActiveCfg = Release|Any CPU
		{E039CC78-1B3F-4806-8105-0A6DBB21A33E}.Release|Any CPU.Build.0 = Release|Any CPU
		{E039CC78-1B3F-4806-8105-0A6DBB21A33E}.Release|Itanium.ActiveCfg = Release|Any CPU
		{E039CC78-1B3F-4806-8105-0A6DBB21A33E}.Release|Mixed Platforms.ActiveCfg = Release|Any CPU
		{E039CC78-1B3F-4806-8105-0A6DBB21A33E}.Release|Mixed Platforms.Build.0 = Release|Any CPU
		{E039CC78-1B3F-4806-8105-0A6DBB21A33E}.Release|Win32.ActiveCfg = Release|Any CPU
		{E039CC78-1B3F-4806-8105-0A6DBB21A33E}.Release|Win32.Build.0 = Release|Any CPU
		{E039CC78-1B3F-4806-8105-0A6DBB21A33E}.Release|x64.ActiveCfg = Release|Any CPU
		{E039CC78-1B3F-4806-8105-0A6DBB21A33E}.Release|x86.ActiveCfg = Release|Any CPU
		{E039CC78-1B3F-4806-8105-0A6DBB21A33E}.ReleaseWithoutAsm|Any CPU.ActiveCfg = Release|Any CPU
		{E039CC78-1B3F-4806-8105-0A6DBB21A33E}.ReleaseWithoutAsm|Itanium.ActiveCfg = Release|Any CPU
		{E039CC78-1B3F-4806-8105-0A6DBB21A33E}.ReleaseWithoutAsm|Mixed Platforms.ActiveCfg = Release|Any CPU
		{E039CC78-1B3F-4806-8105-0A6DBB21A33E}.ReleaseWithoutAsm|Win32.ActiveCfg = Release|Any CPU
		{E039CC78-1B3F-4806-8105-0A6DBB21A33E}.ReleaseWithoutAsm|x64.ActiveCfg = Release|Any CPU
		{E039CC78-1B3F-4806-8105-0A6DBB21A33E}.ReleaseWithoutAsm|x86.ActiveCfg = Release|Any CPU
		{542D665B-A5CD-4561-B34A-3F4F698D7584}.Debug|Any CPU.ActiveCfg = Debug|Any CPU
		{542D665B-A5CD-4561-B34A-3F4F698D7584}.Debug|Any CPU.Build.0 = Debug|Any CPU
		{542D665B-A5CD-4561-B34A-3F4F698D7584}.Debug|Itanium.ActiveCfg = Debug|Any CPU
		{542D665B-A5CD-4561-B34A-3F4F698D7584}.Debug|Mixed Platforms.ActiveCfg = Debug|Any CPU
		{542D665B-A5CD-4561-B34A-3F4F698D7584}.Debug|Mixed Platforms.Build.0 = Debug|Any CPU
		{542D665B-A5CD-4561-B34A-3F4F698D7584}.Debug|Win32.ActiveCfg = Debug|Any CPU
		{542D665B-A5CD-4561-B34A-3F4F698D7584}.Debug|x64.ActiveCfg = Debug|Any CPU
		{542D665B-A5CD-4561-B34A-3F4F698D7584}.Debug|x86.ActiveCfg = Debug|Any CPU
		{542D665B-A5CD-4561-B34A-3F4F698D7584}.Release|Any CPU.ActiveCfg = Release|Any CPU
		{542D665B-A5CD-4561-B34A-3F4F698D7584}.Release|Any CPU.Build.0 = Release|Any CPU
		{542D665B-A5CD-4561-B34A-3F4F698D7584}.Release|Itanium.ActiveCfg = Release|Any CPU
		{542D665B-A5CD-4561-B34A-3F4F698D7584}.Release|Mixed Platforms.ActiveCfg = Release|Any CPU
		{542D665B-A5CD-4561-B34A-3F4F698D7584}.Release|Mixed Platforms.Build.0 = Release|Any CPU
		{542D665B-A5CD-4561-B34A-3F4F698D7584}.Release|Win32.ActiveCfg = Release|Any CPU
		{542D665B-A5CD-4561-B34A-3F4F698D7584}.Release|x64.ActiveCfg = Release|Any CPU
		{542D665B-A5CD-4561-B34A-3F4F698D7584}.Release|x86.ActiveCfg = Release|Any CPU
		{542D665B-A5CD-4561-B34A-3F4F698D7584}.ReleaseWithoutAsm|Any CPU.ActiveCfg = Release|Any CPU
		{542D665B-A5CD-4561-B34A-3F4F698D7584}.ReleaseWithoutAsm|Itanium.ActiveCfg = Release|Any CPU
		{542D665B-A5CD-4561-B34A-3F4F698D7584}.ReleaseWithoutAsm|Mixed Platforms.ActiveCfg = Release|Any CPU
		{542D665B-A5CD-4561-B34A-3F4F698D7584}.ReleaseWithoutAsm|Win32.ActiveCfg = Release|Any CPU
		{542D665B-A5CD-4561-B34A-3F4F698D7584}.ReleaseWithoutAsm|x64.ActiveCfg = Release|Any CPU
		{542D665B-A5CD-4561-B34A-3F4F698D7584}.ReleaseWithoutAsm|x86.ActiveCfg = Release|Any CPU
		{A81CA01F-965F-4B4D-BBE2-15711219846B}.Debug|Any CPU.ActiveCfg = Debug|Any CPU
		{A81CA01F-965F-4B4D-BBE2-15711219846B}.Debug|Any CPU.Build.0 = Debug|Any CPU
		{A81CA01F-965F-4B4D-BBE2-15711219846B}.Debug|Itanium.ActiveCfg = Debug|Any CPU
		{A81CA01F-965F-4B4D-BBE2-15711219846B}.Debug|Mixed Platforms.ActiveCfg = Debug|Any CPU
		{A81CA01F-965F-4B4D-BBE2-15711219846B}.Debug|Mixed Platforms.Build.0 = Debug|Any CPU
		{A81CA01F-965F-4B4D-BBE2-15711219846B}.Debug|Win32.ActiveCfg = Debug|Any CPU
		{A81CA01F-965F-4B4D-BBE2-15711219846B}.Debug|x64.ActiveCfg = Debug|Any CPU
		{A81CA01F-965F-4B4D-BBE2-15711219846B}.Debug|x86.ActiveCfg = Debug|Any CPU
		{A81CA01F-965F-4B4D-BBE2-15711219846B}.Release|Any CPU.ActiveCfg = Release|Any CPU
		{A81CA01F-965F-4B4D-BBE2-15711219846B}.Release|Any CPU.Build.0 = Release|Any CPU
		{A81CA01F-965F-4B4D-BBE2-15711219846B}.Release|Itanium.ActiveCfg = Release|Any CPU
		{A81CA01F-965F-4B4D-BBE2-15711219846B}.Release|Mixed Platforms.ActiveCfg = Release|Any CPU
		{A81CA01F-965F-4B4D-BBE2-15711219846B}.Release|Mixed Platforms.Build.0 = Release|Any CPU
		{A81CA01F-965F-4B4D-BBE2-15711219846B}.Release|Win32.ActiveCfg = Release|Any CPU
		{A81CA01F-965F-4B4D-BBE2-15711219846B}.Release|x64.ActiveCfg = Release|Any CPU
		{A81CA01F-965F-4B4D-BBE2-15711219846B}.Release|x86.ActiveCfg = Release|Any CPU
		{A81CA01F-965F-4B4D-BBE2-15711219846B}.ReleaseWithoutAsm|Any CPU.ActiveCfg = Release|Any CPU
		{A81CA01F-965F-4B4D-BBE2-15711219846B}.ReleaseWithoutAsm|Itanium.ActiveCfg = Release|Any CPU
		{A81CA01F-965F-4B4D-BBE2-15711219846B}.ReleaseWithoutAsm|Mixed Platforms.ActiveCfg = Release|Any CPU
		{A81CA01F-965F-4B4D-BBE2-15711219846B}.ReleaseWithoutAsm|Win32.ActiveCfg = Release|Any CPU
		{A81CA01F-965F-4B4D-BBE2-15711219846B}.ReleaseWithoutAsm|x64.ActiveCfg = Release|Any CPU
		{A81CA01F-965F-4B4D-BBE2-15711219846B}.ReleaseWithoutAsm|x86.ActiveCfg = Release|Any CPU
		{CF9116D7-E551-4B4B-9EC5-6424B7261C06}.Debug|Any CPU.ActiveCfg = Debug|Any CPU
		{CF9116D7-E551-4B4B-9EC5-6424B7261C06}.Debug|Any CPU.Build.0 = Debug|Any CPU
		{CF9116D7-E551-4B4B-9EC5-6424B7261C06}.Debug|Itanium.ActiveCfg = Debug|Any CPU
		{CF9116D7-E551-4B4B-9EC5-6424B7261C06}.Debug|Mixed Platforms.ActiveCfg = Debug|Any CPU
		{CF9116D7-E551-4B4B-9EC5-6424B7261C06}.Debug|Mixed Platforms.Build.0 = Debug|Any CPU
		{CF9116D7-E551-4B4B-9EC5-6424B7261C06}.Debug|Win32.ActiveCfg = Debug|Any CPU
		{CF9116D7-E551-4B4B-9EC5-6424B7261C06}.Debug|x64.ActiveCfg = Debug|Any CPU
		{CF9116D7-E551-4B4B-9EC5-6424B7261C06}.Debug|x86.ActiveCfg = Debug|Any CPU
		{CF9116D7-E551-4B4B-9EC5-6424B7261C06}.Release|Any CPU.ActiveCfg = Release|Any CPU
		{CF9116D7-E551-4B4B-9EC5-6424B7261C06}.Release|Any CPU.Build.0 = Release|Any CPU
		{CF9116D7-E551-4B4B-9EC5-6424B7261C06}.Release|Itanium.ActiveCfg = Release|Any CPU
		{CF9116D7-E551-4B4B-9EC5-6424B7261C06}.Release|Mixed Platforms.ActiveCfg = Release|Any CPU
		{CF9116D7-E551-4B4B-9EC5-6424B7261C06}.Release|Mixed Platforms.Build.0 = Release|Any CPU
		{CF9116D7-E551-4B4B-9EC5-6424B7261C06}.Release|Win32.ActiveCfg = Release|Any CPU
		{CF9116D7-E551-4B4B-9EC5-6424B7261C06}.Release|x64.ActiveCfg = Release|Any CPU
		{CF9116D7-E551-4B4B-9EC5-6424B7261C06}.Release|x86.ActiveCfg = Release|Any CPU
		{CF9116D7-E551-4B4B-9EC5-6424B7261C06}.ReleaseWithoutAsm|Any CPU.ActiveCfg = Release|Any CPU
		{CF9116D7-E551-4B4B-9EC5-6424B7261C06}.ReleaseWithoutAsm|Itanium.ActiveCfg = Release|Any CPU
		{CF9116D7-E551-4B4B-9EC5-6424B7261C06}.ReleaseWithoutAsm|Mixed Platforms.ActiveCfg = Release|Any CPU
		{CF9116D7-E551-4B4B-9EC5-6424B7261C06}.ReleaseWithoutAsm|Win32.ActiveCfg = Release|Any CPU
		{CF9116D7-E551-4B4B-9EC5-6424B7261C06}.ReleaseWithoutAsm|x64.ActiveCfg = Release|Any CPU
		{CF9116D7-E551-4B4B-9EC5-6424B7261C06}.ReleaseWithoutAsm|x86.ActiveCfg = Release|Any CPU
		{5CCF2870-6A40-4D9B-A601-00A817CA235D}.Debug|Any CPU.ActiveCfg = Debug|Any CPU
		{5CCF2870-6A40-4D9B-A601-00A817CA235D}.Debug|Any CPU.Build.0 = Debug|Any CPU
		{5CCF2870-6A40-4D9B-A601-00A817CA235D}.Debug|Itanium.ActiveCfg = Debug|Any CPU
		{5CCF2870-6A40-4D9B-A601-00A817CA235D}.Debug|Mixed Platforms.ActiveCfg = Debug|Any CPU
		{5CCF2870-6A40-4D9B-A601-00A817CA235D}.Debug|Mixed Platforms.Build.0 = Debug|Any CPU
		{5CCF2870-6A40-4D9B-A601-00A817CA235D}.Debug|Win32.ActiveCfg = Debug|Any CPU
		{5CCF2870-6A40-4D9B-A601-00A817CA235D}.Debug|x64.ActiveCfg = Debug|Any CPU
		{5CCF2870-6A40-4D9B-A601-00A817CA235D}.Debug|x86.ActiveCfg = Debug|Any CPU
		{5CCF2870-6A40-4D9B-A601-00A817CA235D}.Release|Any CPU.ActiveCfg = Release|Any CPU
		{5CCF2870-6A40-4D9B-A601-00A817CA235D}.Release|Any CPU.Build.0 = Release|Any CPU
		{5CCF2870-6A40-4D9B-A601-00A817CA235D}.Release|Itanium.ActiveCfg = Release|Any CPU
		{5CCF2870-6A40-4D9B-A601-00A817CA235D}.Release|Mixed Platforms.ActiveCfg = Release|Any CPU
		{5CCF2870-6A40-4D9B-A601-00A817CA235D}.Release|Mixed Platforms.Build.0 = Release|Any CPU
		{5CCF2870-6A40-4D9B-A601-00A817CA235D}.Release|Win32.ActiveCfg = Release|Any CPU
		{5CCF2870-6A40-4D9B-A601-00A817CA235D}.Release|x64.ActiveCfg = Release|Any CPU
		{5CCF2870-6A40-4D9B-A601-00A817CA235D}.Release|x86.ActiveCfg = Release|Any CPU
		{5CCF2870-6A40-4D9B-A601-00A817CA235D}.ReleaseWithoutAsm|Any CPU.ActiveCfg = Release|Any CPU
		{5CCF2870-6A40-4D9B-A601-00A817CA235D}.ReleaseWithoutAsm|Itanium.ActiveCfg = Release|Any CPU
		{5CCF2870-6A40-4D9B-A601-00A817CA235D}.ReleaseWithoutAsm|Mixed Platforms.ActiveCfg = Release|Any CPU
		{5CCF2870-6A40-4D9B-A601-00A817CA235D}.ReleaseWithoutAsm|Win32.ActiveCfg = Release|Any CPU
		{5CCF2870-6A40-4D9B-A601-00A817CA235D}.ReleaseWithoutAsm|x64.ActiveCfg = Release|Any CPU
		{5CCF2870-6A40-4D9B-A601-00A817CA235D}.ReleaseWithoutAsm|x86.ActiveCfg = Release|Any CPU
		{7EF96735-2F21-4FE4-9CFD-08754993931B}.Debug|Any CPU.ActiveCfg = Debug|Any CPU
		{7EF96735-2F21-4FE4-9CFD-08754993931B}.Debug|Any CPU.Build.0 = Debug|Any CPU
		{7EF96735-2F21-4FE4-9CFD-08754993931B}.Debug|Itanium.ActiveCfg = Debug|Any CPU
		{7EF96735-2F21-4FE4-9CFD-08754993931B}.Debug|Mixed Platforms.ActiveCfg = Debug|Any CPU
		{7EF96735-2F21-4FE4-9CFD-08754993931B}.Debug|Mixed Platforms.Build.0 = Debug|Any CPU
		{7EF96735-2F21-4FE4-9CFD-08754993931B}.Debug|Win32.ActiveCfg = Debug|Any CPU
		{7EF96735-2F21-4FE4-9CFD-08754993931B}.Debug|x64.ActiveCfg = Debug|Any CPU
		{7EF96735-2F21-4FE4-9CFD-08754993931B}.Debug|x86.ActiveCfg = Debug|Any CPU
		{7EF96735-2F21-4FE4-9CFD-08754993931B}.Release|Any CPU.ActiveCfg = Release|Any CPU
		{7EF96735-2F21-4FE4-9CFD-08754993931B}.Release|Any CPU.Build.0 = Release|Any CPU
		{7EF96735-2F21-4FE4-9CFD-08754993931B}.Release|Itanium.ActiveCfg = Release|Any CPU
		{7EF96735-2F21-4FE4-9CFD-08754993931B}.Release|Mixed Platforms.ActiveCfg = Release|Any CPU
		{7EF96735-2F21-4FE4-9CFD-08754993931B}.Release|Mixed Platforms.Build.0 = Release|Any CPU
		{7EF96735-2F21-4FE4-9CFD-08754993931B}.Release|Win32.ActiveCfg = Release|Any CPU
		{7EF96735-2F21-4FE4-9CFD-08754993931B}.Release|x64.ActiveCfg = Release|Any CPU
		{7EF96735-2F21-4FE4-9CFD-08754993931B}.Release|x86.ActiveCfg = Release|Any CPU
		{7EF96735-2F21-4FE4-9CFD-08754993931B}.ReleaseWithoutAsm|Any CPU.ActiveCfg = Release|Any CPU
		{7EF96735-2F21-4FE4-9CFD-08754993931B}.ReleaseWithoutAsm|Itanium.ActiveCfg = Release|Any CPU
		{7EF96735-2F21-4FE4-9CFD-08754993931B}.ReleaseWithoutAsm|Mixed Platforms.ActiveCfg = Release|Any CPU
		{7EF96735-2F21-4FE4-9CFD-08754993931B}.ReleaseWithoutAsm|Win32.ActiveCfg = Release|Any CPU
		{7EF96735-2F21-4FE4-9CFD-08754993931B}.ReleaseWithoutAsm|x64.ActiveCfg = Release|Any CPU
		{7EF96735-2F21-4FE4-9CFD-08754993931B}.ReleaseWithoutAsm|x86.ActiveCfg = Release|Any CPU
		{A8DF566B-A3F2-4812-833F-B22A86D45D3E}.Debug|Any CPU.ActiveCfg = Debug|Any CPU
		{A8DF566B-A3F2-4812-833F-B22A86D45D3E}.Debug|Any CPU.Build.0 = Debug|Any CPU
		{A8DF566B-A3F2-4812-833F-B22A86D45D3E}.Debug|Itanium.ActiveCfg = Debug|Any CPU
		{A8DF566B-A3F2-4812-833F-B22A86D45D3E}.Debug|Mixed Platforms.ActiveCfg = Debug|Any CPU
		{A8DF566B-A3F2-4812-833F-B22A86D45D3E}.Debug|Mixed Platforms.Build.0 = Debug|Any CPU
		{A8DF566B-A3F2-4812-833F-B22A86D45D3E}.Debug|Win32.ActiveCfg = Debug|Any CPU
		{A8DF566B-A3F2-4812-833F-B22A86D45D3E}.Debug|x64.ActiveCfg = Debug|Any CPU
		{A8DF566B-A3F2-4812-833F-B22A86D45D3E}.Debug|x86.ActiveCfg = Debug|Any CPU
		{A8DF566B-A3F2-4812-833F-B22A86D45D3E}.Release|Any CPU.ActiveCfg = Release|Any CPU
		{A8DF566B-A3F2-4812-833F-B22A86D45D3E}.Release|Any CPU.Build.0 = Release|Any CPU
		{A8DF566B-A3F2-4812-833F-B22A86D45D3E}.Release|Itanium.ActiveCfg = Release|Any CPU
		{A8DF566B-A3F2-4812-833F-B22A86D45D3E}.Release|Mixed Platforms.ActiveCfg = Release|Any CPU
		{A8DF566B-A3F2-4812-833F-B22A86D45D3E}.Release|Mixed Platforms.Build.0 = Release|Any CPU
		{A8DF566B-A3F2-4812-833F-B22A86D45D3E}.Release|Win32.ActiveCfg = Release|Any CPU
		{A8DF566B-A3F2-4812-833F-B22A86D45D3E}.Release|x64.ActiveCfg = Release|Any CPU
		{A8DF566B-A3F2-4812-833F-B22A86D45D3E}.Release|x86.ActiveCfg = Release|Any CPU
		{A8DF566B-A3F2-4812-833F-B22A86D45D3E}.ReleaseWithoutAsm|Any CPU.ActiveCfg = Release|Any CPU
		{A8DF566B-A3F2-4812-833F-B22A86D45D3E}.ReleaseWithoutAsm|Itanium.ActiveCfg = Release|Any CPU
		{A8DF566B-A3F2-4812-833F-B22A86D45D3E}.ReleaseWithoutAsm|Mixed Platforms.ActiveCfg = Release|Any CPU
		{A8DF566B-A3F2-4812-833F-B22A86D45D3E}.ReleaseWithoutAsm|Win32.ActiveCfg = Release|Any CPU
		{A8DF566B-A3F2-4812-833F-B22A86D45D3E}.ReleaseWithoutAsm|x64.ActiveCfg = Release|Any CPU
		{A8DF566B-A3F2-4812-833F-B22A86D45D3E}.ReleaseWithoutAsm|x86.ActiveCfg = Release|Any CPU
		{3854C8C4-69BC-48DE-B5A0-158C59E38041}.Debug|Any CPU.ActiveCfg = Debug|Any CPU
		{3854C8C4-69BC-48DE-B5A0-158C59E38041}.Debug|Any CPU.Build.0 = Debug|Any CPU
		{3854C8C4-69BC-48DE-B5A0-158C59E38041}.Debug|Itanium.ActiveCfg = Debug|Any CPU
		{3854C8C4-69BC-48DE-B5A0-158C59E38041}.Debug|Mixed Platforms.ActiveCfg = Debug|Any CPU
		{3854C8C4-69BC-48DE-B5A0-158C59E38041}.Debug|Mixed Platforms.Build.0 = Debug|Any CPU
		{3854C8C4-69BC-48DE-B5A0-158C59E38041}.Debug|Win32.ActiveCfg = Debug|Any CPU
		{3854C8C4-69BC-48DE-B5A0-158C59E38041}.Debug|x64.ActiveCfg = Debug|Any CPU
		{3854C8C4-69BC-48DE-B5A0-158C59E38041}.Debug|x86.ActiveCfg = Debug|Any CPU
		{3854C8C4-69BC-48DE-B5A0-158C59E38041}.Release|Any CPU.ActiveCfg = Release|Any CPU
		{3854C8C4-69BC-48DE-B5A0-158C59E38041}.Release|Any CPU.Build.0 = Release|Any CPU
		{3854C8C4-69BC-48DE-B5A0-158C59E38041}.Release|Itanium.ActiveCfg = Release|Any CPU
		{3854C8C4-69BC-48DE-B5A0-158C59E38041}.Release|Mixed Platforms.ActiveCfg = Release|Any CPU
		{3854C8C4-69BC-48DE-B5A0-158C59E38041}.Release|Mixed Platforms.Build.0 = Release|Any CPU
		{3854C8C4-69BC-48DE-B5A0-158C59E38041}.Release|Win32.ActiveCfg = Release|Any CPU
		{3854C8C4-69BC-48DE-B5A0-158C59E38041}.Release|x64.ActiveCfg = Release|Any CPU
		{3854C8C4-69BC-48DE-B5A0-158C59E38041}.Release|x86.ActiveCfg = Release|Any CPU
		{3854C8C4-69BC-48DE-B5A0-158C59E38041}.ReleaseWithoutAsm|Any CPU.ActiveCfg = Release|Any CPU
		{3854C8C4-69BC-48DE-B5A0-158C59E38041}.ReleaseWithoutAsm|Itanium.ActiveCfg = Release|Any CPU
		{3854C8C4-69BC-48DE-B5A0-158C59E38041}.ReleaseWithoutAsm|Mixed Platforms.ActiveCfg = Release|Any CPU
		{3854C8C4-69BC-48DE-B5A0-158C59E38041}.ReleaseWithoutAsm|Win32.ActiveCfg = Release|Any CPU
		{3854C8C4-69BC-48DE-B5A0-158C59E38041}.ReleaseWithoutAsm|x64.ActiveCfg = Release|Any CPU
		{3854C8C4-69BC-48DE-B5A0-158C59E38041}.ReleaseWithoutAsm|x86.ActiveCfg = Release|Any CPU
		{A824B264-B163-45B5-901E-55A480B72A3F}.Debug|Any CPU.ActiveCfg = Debug|Any CPU
		{A824B264-B163-45B5-901E-55A480B72A3F}.Debug|Any CPU.Build.0 = Debug|Any CPU
		{A824B264-B163-45B5-901E-55A480B72A3F}.Debug|Itanium.ActiveCfg = Debug|Any CPU
		{A824B264-B163-45B5-901E-55A480B72A3F}.Debug|Mixed Platforms.ActiveCfg = Debug|Any CPU
		{A824B264-B163-45B5-901E-55A480B72A3F}.Debug|Mixed Platforms.Build.0 = Debug|Any CPU
		{A824B264-B163-45B5-901E-55A480B72A3F}.Debug|Win32.ActiveCfg = Debug|Any CPU
		{A824B264-B163-45B5-901E-55A480B72A3F}.Debug|x64.ActiveCfg = Debug|Any CPU
		{A824B264-B163-45B5-901E-55A480B72A3F}.Debug|x86.ActiveCfg = Debug|Any CPU
		{A824B264-B163-45B5-901E-55A480B72A3F}.Release|Any CPU.ActiveCfg = Release|Any CPU
		{A824B264-B163-45B5-901E-55A480B72A3F}.Release|Any CPU.Build.0 = Release|Any CPU
		{A824B264-B163-45B5-901E-55A480B72A3F}.Release|Itanium.ActiveCfg = Release|Any CPU
		{A824B264-B163-45B5-901E-55A480B72A3F}.Release|Mixed Platforms.ActiveCfg = Release|Any CPU
		{A824B264-B163-45B5-901E-55A480B72A3F}.Release|Mixed Platforms.Build.0 = Release|Any CPU
		{A824B264-B163-45B5-901E-55A480B72A3F}.Release|Win32.ActiveCfg = Release|Any CPU
		{A824B264-B163-45B5-901E-55A480B72A3F}.Release|x64.ActiveCfg = Release|Any CPU
		{A824B264-B163-45B5-901E-55A480B72A3F}.Release|x86.ActiveCfg = Release|Any CPU
		{A824B264-B163-45B5-901E-55A480B72A3F}.ReleaseWithoutAsm|Any CPU.ActiveCfg = Release|Any CPU
		{A824B264-B163-45B5-901E-55A480B72A3F}.ReleaseWithoutAsm|Itanium.ActiveCfg = Release|Any CPU
		{A824B264-B163-45B5-901E-55A480B72A3F}.ReleaseWithoutAsm|Mixed Platforms.ActiveCfg = Release|Any CPU
		{A824B264-B163-45B5-901E-55A480B72A3F}.ReleaseWithoutAsm|Win32.ActiveCfg = Release|Any CPU
		{A824B264-B163-45B5-901E-55A480B72A3F}.ReleaseWithoutAsm|x64.ActiveCfg = Release|Any CPU
		{A824B264-B163-45B5-901E-55A480B72A3F}.ReleaseWithoutAsm|x86.ActiveCfg = Release|Any CPU
		{94F2FE39-A50E-4623-BEC3-4F060376012A}.Debug|Any CPU.ActiveCfg = Debug|Any CPU
		{94F2FE39-A50E-4623-BEC3-4F060376012A}.Debug|Any CPU.Build.0 = Debug|Any CPU
		{94F2FE39-A50E-4623-BEC3-4F060376012A}.Debug|Itanium.ActiveCfg = Debug|Any CPU
		{94F2FE39-A50E-4623-BEC3-4F060376012A}.Debug|Mixed Platforms.ActiveCfg = Debug|Any CPU
		{94F2FE39-A50E-4623-BEC3-4F060376012A}.Debug|Mixed Platforms.Build.0 = Debug|Any CPU
		{94F2FE39-A50E-4623-BEC3-4F060376012A}.Debug|Win32.ActiveCfg = Debug|Any CPU
		{94F2FE39-A50E-4623-BEC3-4F060376012A}.Debug|x64.ActiveCfg = Debug|Any CPU
		{94F2FE39-A50E-4623-BEC3-4F060376012A}.Debug|x86.ActiveCfg = Debug|Any CPU
		{94F2FE39-A50E-4623-BEC3-4F060376012A}.Release|Any CPU.ActiveCfg = Release|Any CPU
		{94F2FE39-A50E-4623-BEC3-4F060376012A}.Release|Any CPU.Build.0 = Release|Any CPU
		{94F2FE39-A50E-4623-BEC3-4F060376012A}.Release|Itanium.ActiveCfg = Release|Any CPU
		{94F2FE39-A50E-4623-BEC3-4F060376012A}.Release|Mixed Platforms.ActiveCfg = Release|Any CPU
		{94F2FE39-A50E-4623-BEC3-4F060376012A}.Release|Mixed Platforms.Build.0 = Release|Any CPU
		{94F2FE39-A50E-4623-BEC3-4F060376012A}.Release|Win32.ActiveCfg = Release|Any CPU
		{94F2FE39-A50E-4623-BEC3-4F060376012A}.Release|x64.ActiveCfg = Release|Any CPU
		{94F2FE39-A50E-4623-BEC3-4F060376012A}.Release|x86.ActiveCfg = Release|Any CPU
		{94F2FE39-A50E-4623-BEC3-4F060376012A}.ReleaseWithoutAsm|Any CPU.ActiveCfg = Release|Any CPU
		{94F2FE39-A50E-4623-BEC3-4F060376012A}.ReleaseWithoutAsm|Itanium.ActiveCfg = Release|Any CPU
		{94F2FE39-A50E-4623-BEC3-4F060376012A}.ReleaseWithoutAsm|Mixed Platforms.ActiveCfg = Release|Any CPU
		{94F2FE39-A50E-4623-BEC3-4F060376012A}.ReleaseWithoutAsm|Win32.ActiveCfg = Release|Any CPU
		{94F2FE39-A50E-4623-BEC3-4F060376012A}.ReleaseWithoutAsm|x64.ActiveCfg = Release|Any CPU
		{94F2FE39-A50E-4623-BEC3-4F060376012A}.ReleaseWithoutAsm|x86.ActiveCfg = Release|Any CPU
		{801CC278-82B2-4CEE-84FC-B10B1497A957}.Debug|Any CPU.ActiveCfg = Debug|x86
		{801CC278-82B2-4CEE-84FC-B10B1497A957}.Debug|Itanium.ActiveCfg = Debug|x86
		{801CC278-82B2-4CEE-84FC-B10B1497A957}.Debug|Mixed Platforms.ActiveCfg = Debug|x86
		{801CC278-82B2-4CEE-84FC-B10B1497A957}.Debug|Mixed Platforms.Build.0 = Debug|x86
		{801CC278-82B2-4CEE-84FC-B10B1497A957}.Debug|Win32.ActiveCfg = Debug|x86
		{801CC278-82B2-4CEE-84FC-B10B1497A957}.Debug|Win32.Build.0 = Debug|x86
		{801CC278-82B2-4CEE-84FC-B10B1497A957}.Debug|x64.ActiveCfg = Debug|x86
		{801CC278-82B2-4CEE-84FC-B10B1497A957}.Debug|x86.ActiveCfg = Debug|x86
		{801CC278-82B2-4CEE-84FC-B10B1497A957}.Debug|x86.Build.0 = Debug|x86
		{801CC278-82B2-4CEE-84FC-B10B1497A957}.Release|Any CPU.ActiveCfg = Release|x86
		{801CC278-82B2-4CEE-84FC-B10B1497A957}.Release|Itanium.ActiveCfg = Release|x86
		{801CC278-82B2-4CEE-84FC-B10B1497A957}.Release|Mixed Platforms.ActiveCfg = Release|x86
		{801CC278-82B2-4CEE-84FC-B10B1497A957}.Release|Mixed Platforms.Build.0 = Release|x86
		{801CC278-82B2-4CEE-84FC-B10B1497A957}.Release|Win32.ActiveCfg = Release|x86
		{801CC278-82B2-4CEE-84FC-B10B1497A957}.Release|Win32.Build.0 = Release|x86
		{801CC278-82B2-4CEE-84FC-B10B1497A957}.Release|x64.ActiveCfg = Release|x86
		{801CC278-82B2-4CEE-84FC-B10B1497A957}.Release|x86.ActiveCfg = Release|x86
		{801CC278-82B2-4CEE-84FC-B10B1497A957}.Release|x86.Build.0 = Release|x86
		{801CC278-82B2-4CEE-84FC-B10B1497A957}.ReleaseWithoutAsm|Any CPU.ActiveCfg = Release|x86
		{801CC278-82B2-4CEE-84FC-B10B1497A957}.ReleaseWithoutAsm|Itanium.ActiveCfg = Release|x86
		{801CC278-82B2-4CEE-84FC-B10B1497A957}.ReleaseWithoutAsm|Mixed Platforms.ActiveCfg = Release|x86
		{801CC278-82B2-4CEE-84FC-B10B1497A957}.ReleaseWithoutAsm|Win32.ActiveCfg = Release|x86
		{801CC278-82B2-4CEE-84FC-B10B1497A957}.ReleaseWithoutAsm|x64.ActiveCfg = Release|x86
		{801CC278-82B2-4CEE-84FC-B10B1497A957}.ReleaseWithoutAsm|x86.ActiveCfg = Release|x86
		{1ECB7656-AE8B-4351-AF10-746EB326B24F}.Debug|Any CPU.ActiveCfg = Debug|Win32
		{1ECB7656-AE8B-4351-AF10-746EB326B24F}.Debug|Itanium.ActiveCfg = Debug|Win32
		{1ECB7656-AE8B-4351-AF10-746EB326B24F}.Debug|Mixed Platforms.ActiveCfg = Debug|Win32
		{1ECB7656-AE8B-4351-AF10-746EB326B24F}.Debug|Mixed Platforms.Build.0 = Debug|Win32
		{1ECB7656-AE8B-4351-AF10-746EB326B24F}.Debug|Win32.ActiveCfg = Debug|Win32
		{1ECB7656-AE8B-4351-AF10-746EB326B24F}.Debug|Win32.Build.0 = Debug|Win32
		{1ECB7656-AE8B-4351-AF10-746EB326B24F}.Debug|x64.ActiveCfg = Debug|Win32
		{1ECB7656-AE8B-4351-AF10-746EB326B24F}.Debug|x86.ActiveCfg = Debug|Win32
		{1ECB7656-AE8B-4351-AF10-746EB326B24F}.Debug|x86.Build.0 = Debug|Win32
		{1ECB7656-AE8B-4351-AF10-746EB326B24F}.Release|Any CPU.ActiveCfg = Release|x64
		{1ECB7656-AE8B-4351-AF10-746EB326B24F}.Release|Itanium.ActiveCfg = Release|Win32
		{1ECB7656-AE8B-4351-AF10-746EB326B24F}.Release|Mixed Platforms.ActiveCfg = Release|Win32
		{1ECB7656-AE8B-4351-AF10-746EB326B24F}.Release|Mixed Platforms.Build.0 = Release|Win32
		{1ECB7656-AE8B-4351-AF10-746EB326B24F}.Release|Win32.ActiveCfg = Release|Win32
		{1ECB7656-AE8B-4351-AF10-746EB326B24F}.Release|Win32.Build.0 = Release|Win32
		{1ECB7656-AE8B-4351-AF10-746EB326B24F}.Release|x64.ActiveCfg = Release|x64
		{1ECB7656-AE8B-4351-AF10-746EB326B24F}.Release|x64.Build.0 = Release|x64
		{1ECB7656-AE8B-4351-AF10-746EB326B24F}.Release|x86.ActiveCfg = Release|x64
		{1ECB7656-AE8B-4351-AF10-746EB326B24F}.Release|x86.Build.0 = Release|x64
		{1ECB7656-AE8B-4351-AF10-746EB326B24F}.ReleaseWithoutAsm|Any CPU.ActiveCfg = Release|Win32
		{1ECB7656-AE8B-4351-AF10-746EB326B24F}.ReleaseWithoutAsm|Itanium.ActiveCfg = Release|Win32
		{1ECB7656-AE8B-4351-AF10-746EB326B24F}.ReleaseWithoutAsm|Mixed Platforms.ActiveCfg = Release|Win32
		{1ECB7656-AE8B-4351-AF10-746EB326B24F}.ReleaseWithoutAsm|Mixed Platforms.Build.0 = Release|Win32
		{1ECB7656-AE8B-4351-AF10-746EB326B24F}.ReleaseWithoutAsm|Win32.ActiveCfg = Release|Win32
		{1ECB7656-AE8B-4351-AF10-746EB326B24F}.ReleaseWithoutAsm|Win32.Build.0 = Release|Win32
		{1ECB7656-AE8B-4351-AF10-746EB326B24F}.ReleaseWithoutAsm|x64.ActiveCfg = Release|Win32
		{1ECB7656-AE8B-4351-AF10-746EB326B24F}.ReleaseWithoutAsm|x86.ActiveCfg = Release|Win32
		{1ECB7656-AE8B-4351-AF10-746EB326B24F}.ReleaseWithoutAsm|x86.Build.0 = Release|Win32
	EndGlobalSection
	GlobalSection(SolutionProperties) = preSolution
		HideSolutionNode = FALSE
	EndGlobalSection
	GlobalSection(NestedProjects) = preSolution
		{E039CC78-1B3F-4806-8105-0A6DBB21A33E} = {1D9C4DDD-E840-4F6E-9310-54D21BC13F31}
		{542D665B-A5CD-4561-B34A-3F4F698D7584} = {1D9C4DDD-E840-4F6E-9310-54D21BC13F31}
		{A81CA01F-965F-4B4D-BBE2-15711219846B} = {1D9C4DDD-E840-4F6E-9310-54D21BC13F31}
		{CF9116D7-E551-4B4B-9EC5-6424B7261C06} = {1D9C4DDD-E840-4F6E-9310-54D21BC13F31}
		{5CCF2870-6A40-4D9B-A601-00A817CA235D} = {1D9C4DDD-E840-4F6E-9310-54D21BC13F31}
		{7EF96735-2F21-4FE4-9CFD-08754993931B} = {1D9C4DDD-E840-4F6E-9310-54D21BC13F31}
		{A8DF566B-A3F2-4812-833F-B22A86D45D3E} = {1D9C4DDD-E840-4F6E-9310-54D21BC13F31}
		{3854C8C4-69BC-48DE-B5A0-158C59E38041} = {1D9C4DDD-E840-4F6E-9310-54D21BC13F31}
		{A824B264-B163-45B5-901E-55A480B72A3F} = {1D9C4DDD-E840-4F6E-9310-54D21BC13F31}
		{94F2FE39-A50E-4623-BEC3-4F060376012A} = {1D9C4DDD-E840-4F6E-9310-54D21BC13F31}
		{801CC278-82B2-4CEE-84FC-B10B1497A957} = {1D9C4DDD-E840-4F6E-9310-54D21BC13F31}
	EndGlobalSection
EndGlobal
